
Microsoft Visual Studio Solution File, Format Version 12.00
# Visual Studio Version 16
VisualStudioVersion = 16.0.29519.87
MinimumVisualStudioVersion = 10.0.40219.1
Project("{FAE04EC0-301F-11D3-BF4B-00C04F79EFBC}") = "InstaMacBot", "InstaMacBot\InstaMacBot.csproj", "{AE0B7461-ABD5-4FF5-B8E3-0C8345F877F2}"
EndProject
Global
	GlobalSection(SolutionConfigurationPlatforms) = preSolution
		Debug|Any CPU = Debug|Any CPU
		Release|Any CPU = Release|Any CPU
	EndGlobalSection
	GlobalSection(ProjectConfigurationPlatforms) = postSolution
		{AE0B7461-ABD5-4FF5-B8E3-0C8345F877F2}.Debug|Any CPU.ActiveCfg = Debug|Any CPU
		{AE0B7461-ABD5-4FF5-B8E3-0C8345F877F2}.Debug|Any CPU.Build.0 = Debug|Any CPU
		{AE0B7461-ABD5-4FF5-B8E3-0C8345F877F2}.Release|Any CPU.ActiveCfg = Release|Any CPU
		{AE0B7461-ABD5-4FF5-B8E3-0C8345F877F2}.Release|Any CPU.Build.0 = Release|Any CPU
	EndGlobalSection
	GlobalSection(SolutionProperties) = preSolution
		HideSolutionNode = FALSE
	EndGlobalSection
	GlobalSection(ExtensibilityGlobals) = postSolution
		SolutionGuid = {5BA60AC6-D8F5-43AD-A735-EAE72B6BCC79}
	EndGlobalSection
EndGlobal
